
Microsoft Visual Studio Solution File, Format Version 12.00
# Visual Studio Version 16
VisualStudioVersion = 16.0.29613.14
MinimumVisualStudioVersion = 10.0.40219.1
Project("{FAE04EC0-301F-11D3-BF4B-00C04F79EFBC}") = "ExternalProviders", "ExternalProviders\ExternalProviders.csproj", "{0CCDD089-29EF-4EC5-91EA-DEE4DABDF736}"
EndProject
Global
	GlobalSection(SolutionConfigurationPlatforms) = preSolution
		Debug|Any CPU = Debug|Any CPU
		Release|Any CPU = Release|Any CPU
	EndGlobalSection
	GlobalSection(ProjectConfigurationPlatforms) = postSolution
		{0CCDD089-29EF-4EC5-91EA-DEE4DABDF736}.Debug|Any CPU.ActiveCfg = Debug|Any CPU
		{0CCDD089-29EF-4EC5-91EA-DEE4DABDF736}.Debug|Any CPU.Build.0 = Debug|Any CPU
		{0CCDD089-29EF-4EC5-91EA-DEE4DABDF736}.Release|Any CPU.ActiveCfg = Release|Any CPU
		{0CCDD089-29EF-4EC5-91EA-DEE4DABDF736}.Release|Any CPU.Build.0 = Release|Any CPU
	EndGlobalSection
	GlobalSection(SolutionProperties) = preSolution
		HideSolutionNode = FALSE
	EndGlobalSection
	GlobalSection(ExtensibilityGlobals) = postSolution
		SolutionGuid = {E8C567CE-2780-482D-8C6A-87DA1FE90DC5}
	EndGlobalSection
EndGlobal
