
Microsoft Visual Studio Solution File, Format Version 12.00
# Visual Studio Version 16
VisualStudioVersion = 16.0.29613.14
MinimumVisualStudioVersion = 10.0.40219.1
Project("{FAE04EC0-301F-11D3-BF4B-00C04F79EFBC}") = "IdentityChangeName", "IdentityChangeName\IdentityChangeName.csproj", "{12BFC917-D31A-4713-B448-3F216701D06A}"
EndProject
Global
	GlobalSection(SolutionConfigurationPlatforms) = preSolution
		Debug|Any CPU = Debug|Any CPU
		Release|Any CPU = Release|Any CPU
	EndGlobalSection
	GlobalSection(ProjectConfigurationPlatforms) = postSolution
		{12BFC917-D31A-4713-B448-3F216701D06A}.Debug|Any CPU.ActiveCfg = Debug|Any CPU
		{12BFC917-D31A-4713-B448-3F216701D06A}.Debug|Any CPU.Build.0 = Debug|Any CPU
		{12BFC917-D31A-4713-B448-3F216701D06A}.Release|Any CPU.ActiveCfg = Release|Any CPU
		{12BFC917-D31A-4713-B448-3F216701D06A}.Release|Any CPU.Build.0 = Release|Any CPU
	EndGlobalSection
	GlobalSection(SolutionProperties) = preSolution
		HideSolutionNode = FALSE
	EndGlobalSection
	GlobalSection(ExtensibilityGlobals) = postSolution
		SolutionGuid = {6B0DF3D1-F101-4C24-B07E-1E4ADEEDFB3B}
	EndGlobalSection
EndGlobal
